PODS:
  - Alamofire (5.8.1)
  - KakaoSDKAuth (2.20.0):
    - KakaoSDKCommon (= 2.20.0)
  - KakaoSDKCommon (2.20.0):
    - KakaoSDKCommon/Common (= 2.20.0)
    - KakaoSDKCommon/Network (= 2.20.0)
  - KakaoSDKCommon/Common (2.20.0)
  - KakaoSDKCommon/Network (2.20.0):
    - Alamofire (~> 5.1)
    - KakaoSDKCommon/Common (= 2.20.0)
  - KakaoSDKTalk (2.20.0):
    - KakaoSDKTemplate (= 2.20.0)
    - KakaoSDKUser (= 2.20.0)
  - KakaoSDKTemplate (2.20.0):
    - KakaoSDKCommon/Common (= 2.20.0)
  - KakaoSDKUser (2.20.0):
    - KakaoSDKAuth (= 2.20.0)

DEPENDENCIES:
  - KakaoSDKAuth
  - KakaoSDKCommon
  - KakaoSDKTalk
  - KakaoSDKUser

SPEC REPOS:
  trunk:
    - Alamofire
    - KakaoSDKAuth
    - KakaoSDKCommon
    - KakaoSDKTalk
    - KakaoSDKTemplate
    - KakaoSDKUser

SPEC CHECKSUMS:
  Alamofire: 3ca42e259043ee0dc5c0cdd76c4bc568b8e42af7
  KakaoSDKAuth: 02742f4681af6da8c4aa7b0f71df98ca9e7df834
  KakaoSDKCommon: 060a8085733a215a048f9bf9b39a846d1be1daee
  KakaoSDKTalk: 245db634d63f8a21e8b80bcfe5ca1aff407b1018
  KakaoSDKTemplate: d0481c3d8a7e74646a585fc0e551fc18f7fdc6ac
  KakaoSDKUser: 0594b37675fb634304da3ecc83830c0ec84ceef5

PODFILE CHECKSUM: 655bca25d6c2b1a496d5d99dd34932cbf2db87f7

COCOAPODS: 1.12.1
